
Microsoft Visual Studio Solution File, Format Version 12.00
# Visual Studio 2013
VisualStudioVersion = 12.0.30324.0
MinimumVisualStudioVersion = 10.0.40219.1
Project("{FAE04EC0-301F-11D3-BF4B-00C04F79EFBC}") = "AnnotationGenerator", "AnnotationGenerator\AnnotationGenerator.csproj", "{4C5ACADA-D925-4056-9C8E-D7C4B464C19F}"
EndProject
Project("{FAE04EC0-301F-11D3-BF4B-00C04F79EFBC}") = "AnnotationGenerator.Tests", "AnnotationGenerator.Tests\AnnotationGenerator.Tests.csproj", "{F4CF9A6C-CB48-4297-9326-A86CF7D8A033}"
EndProject
Project("{FAE04EC0-301F-11D3-BF4B-00C04F79EFBC}") = "Ninject.Annotations", "Ninject.Annotations\Ninject.Annotations.csproj", "{8848FEB5-C6A4-4370-B23E-6FC045BEEB77}"
EndProject
Global
	GlobalSection(SolutionConfigurationPlatforms) = preSolution
		Debug|Any CPU = Debug|Any CPU
		Release|Any CPU = Release|Any CPU
	EndGlobalSection
	GlobalSection(ProjectConfigurationPlatforms) = postSolution
		{4C5ACADA-D925-4056-9C8E-D7C4B464C19F}.Debug|Any CPU.ActiveCfg = Debug|Any CPU
		{4C5ACADA-D925-4056-9C8E-D7C4B464C19F}.Debug|Any CPU.Build.0 = Debug|Any CPU
		{4C5ACADA-D925-4056-9C8E-D7C4B464C19F}.Release|Any CPU.ActiveCfg = Release|Any CPU
		{4C5ACADA-D925-4056-9C8E-D7C4B464C19F}.Release|Any CPU.Build.0 = Release|Any CPU
		{F4CF9A6C-CB48-4297-9326-A86CF7D8A033}.Debug|Any CPU.ActiveCfg = Debug|Any CPU
		{F4CF9A6C-CB48-4297-9326-A86CF7D8A033}.Debug|Any CPU.Build.0 = Debug|Any CPU
		{F4CF9A6C-CB48-4297-9326-A86CF7D8A033}.Release|Any CPU.ActiveCfg = Release|Any CPU
		{F4CF9A6C-CB48-4297-9326-A86CF7D8A033}.Release|Any CPU.Build.0 = Release|Any CPU
		{8848FEB5-C6A4-4370-B23E-6FC045BEEB77}.Debug|Any CPU.ActiveCfg = Debug|Any CPU
		{8848FEB5-C6A4-4370-B23E-6FC045BEEB77}.Debug|Any CPU.Build.0 = Debug|Any CPU
		{8848FEB5-C6A4-4370-B23E-6FC045BEEB77}.Release|Any CPU.ActiveCfg = Release|Any CPU
		{8848FEB5-C6A4-4370-B23E-6FC045BEEB77}.Release|Any CPU.Build.0 = Release|Any CPU
	EndGlobalSection
	GlobalSection(SolutionProperties) = preSolution
		HideSolutionNode = FALSE
	EndGlobalSection
EndGlobal
